// !$*UTF8*$!
{
	archiveVersion = 1;
	classes = {
	};
	objectVersion = 50;
	objects = {

/* Begin PBXBuildFile section */
		CE9C322F260FBA3200C36B4F /* SwiftUIProject1App.swift in Sources */ = {isa = PBXBuildFile; fileRef = CE9C322E260FBA3200C36B4F /* SwiftUIProject1App.swift */; };
		CE9C3231260FBA3200C36B4F /* ContentView.swift in Sources */ = {isa = PBXBuildFile; fileRef = CE9C3230260FBA3200C36B4F /* ContentView.swift */; };
		CE9C3233260FBA3800C36B4F /* Assets.xcassets in Resources */ = {isa = PBXBuildFile; fileRef = CE9C3232260FBA3800C36B4F /* Assets.xcassets */; };
		CE9C3236260FBA3800C36B4F /* Preview Assets.xcassets in Resources */ = {isa = PBXBuildFile; fileRef = CE9C3235260FBA3800C36B4F /* Preview Assets.xcassets */; };
		CE9C3241260FBA3900C36B4F /* SwiftUIProject1Tests.swift in Sources */ = {isa = PBXBuildFile; fileRef = CE9C3240260FBA3900C36B4F /* SwiftUIProject1Tests.swift */; };
		CE9C324C260FBA3900C36B4F /* SwiftUIProject1UITests.swift in Sources */ = {isa = PBXBuildFile; fileRef = CE9C324B260FBA3900C36B4F /* SwiftUIProject1UITests.swift */; };
/* End PBXBuildFile section */

/* Begin PBXContainerItemProxy section */
		CE9C323D260FBA3800C36B4F /* PBXContainerItemProxy */ = {
			isa = PBXContainerItemProxy;
			containerPortal = CE9C3223260FBA3200C36B4F /* Project object */;
			proxyType = 1;
			remoteGlobalIDString = CE9C322A260FBA3200C36B4F;
			remoteInfo = SwiftUIProject1;
		};
		CE9C3248260FBA3900C36B4F /* PBXContainerItemProxy */ = {
			isa = PBXContainerItemProxy;
			containerPortal = CE9C3223260FBA3200C36B4F /* Project object */;
			proxyType = 1;
			remoteGlobalIDString = CE9C322A260FBA3200C36B4F;
			remoteInfo = SwiftUIProject1;
		};
/* End PBXContainerItemProxy section */

/* Begin PBXFileReference section */
		CE9C322B260FBA3200C36B4F /* SwiftUIProject1.app */ = {isa = PBXFileReference; explicitFileType = wrapper.application; includeInIndex = 0; path = SwiftUIProject1.app; sourceTree = BUILT_PRODUCTS_DIR; };
		CE9C322E260FBA3200C36B4F /* SwiftUIProject1App.swift */ = {isa = PBXFileReference; lastKnownFileType = sourcecode.swift; path = SwiftUIProject1App.swift; sourceTree = "<group>"; };
		CE9C3230260FBA3200C36B4F /* ContentView.swift */ = {isa = PBXFileReference; lastKnownFileType = sourcecode.swift; path = ContentView.swift; sourceTree = "<group>"; };
		CE9C3232260FBA3800C36B4F /* Assets.xcassets */ = {isa = PBXFileReference; lastKnownFileType = folder.assetcatalog; path = Assets.xcassets; sourceTree = "<group>"; };
		CE9C3235260FBA3800C36B4F /* Preview Assets.xcassets */ = {isa = PBXFileReference; lastKnownFileType = folder.assetcatalog; path = "Preview Assets.xcassets"; sourceTree = "<group>"; };
		CE9C3237260FBA3800C36B4F /* Info.plist */ = {isa = PBXFileReference; lastKnownFileType = text.plist.xml; path = Info.plist; sourceTree = "<group>"; };
		CE9C323C260FBA3800C36B4F /* SwiftUIProject1Tests.xctest */ = {isa = PBXFileReference; explicitFileType = wrapper.cfbundle; includeInIndex = 0; path = SwiftUIProject1Tests.xctest; sourceTree = BUILT_PRODUCTS_DIR; };
		CE9C3240260FBA3900C36B4F /* SwiftUIProject1Tests.swift */ = {isa = PBXFileReference; lastKnownFileType = sourcecode.swift; path = SwiftUIProject1Tests.swift; sourceTree = "<group>"; };
		CE9C3242260FBA3900C36B4F /* Info.plist */ = {isa = PBXFileReference; lastKnownFileType = text.plist.xml; path = Info.plist; sourceTree = "<group>"; };
		CE9C3247260FBA3900C36B4F /* SwiftUIProject1UITests.xctest */ = {isa = PBXFileReference; explicitFileType = wrapper.cfbundle; includeInIndex = 0; path = SwiftUIProject1UITests.xctest; sourceTree = BUILT_PRODUCTS_DIR; };
		CE9C324B260FBA3900C36B4F /* SwiftUIProject1UITests.swift */ = {isa = PBXFileReference; lastKnownFileType = sourcecode.swift; path = SwiftUIProject1UITests.swift; sourceTree = "<group>"; };
		CE9C324D260FBA3900C36B4F /* Info.plist */ = {isa = PBXFileReference; lastKnownFileType = text.plist.xml; path = Info.plist; sourceTree = "<group>"; };
/* End PBXFileReference section */

/* Begin PBXFrameworksBuildPhase section */
		CE9C3228260FBA3200C36B4F /* Frameworks */ = {
			isa = PBXFrameworksBuildPhase;
			buildActionMask = 2147483647;
			files = (
			);
			runOnlyForDeploymentPostprocessing = 0;
		};
		CE9C3239260FBA3800C36B4F /* Frameworks */ = {
			isa = PBXFrameworksBuildPhase;
			buildActionMask = 2147483647;
			files = (
			);
			runOnlyForDeploymentPostprocessing = 0;
		};
		CE9C3244260FBA3900C36B4F /* Frameworks */ = {
			isa = PBXFrameworksBuildPhase;
			buildActionMask = 2147483647;
			files = (
			);
			runOnlyForDeploymentPostprocessing = 0;
		};
/* End PBXFrameworksBuildPhase section */

/* Begin PBXGroup section */
		CE9C3222260FBA3200C36B4F = {
			isa = PBXGroup;
			children = (
				CE9C322D260FBA3200C36B4F /* SwiftUIProject1 */,
				CE9C323F260FBA3800C36B4F /* SwiftUIProject1Tests */,
				CE9C324A260FBA3900C36B4F /* SwiftUIProject1UITests */,
				CE9C322C260FBA3200C36B4F /* Products */,
			);
			sourceTree = "<group>";
		};
		CE9C322C260FBA3200C36B4F /* Products */ = {
			isa = PBXGroup;
			children = (
				CE9C322B260FBA3200C36B4F /* SwiftUIProject1.app */,
				CE9C323C260FBA3800C36B4F /* SwiftUIProject1Tests.xctest */,
				CE9C3247260FBA3900C36B4F /* SwiftUIProject1UITests.xctest */,
			);
			name = Products;
			sourceTree = "<group>";
		};
		CE9C322D260FBA3200C36B4F /* SwiftUIProject1 */ = {
			isa = PBXGroup;
			children = (
				CE9C322E260FBA3200C36B4F /* SwiftUIProject1App.swift */,
				CE9C3230260FBA3200C36B4F /* ContentView.swift */,
				CE9C3232260FBA3800C36B4F /* Assets.xcassets */,
				CE9C3237260FBA3800C36B4F /* Info.plist */,
				CE9C3234260FBA3800C36B4F /* Preview Content */,
			);
			path = SwiftUIProject1;
			sourceTree = "<group>";
		};
		CE9C3234260FBA3800C36B4F /* Preview Content */ = {
			isa = PBXGroup;
			children = (
				CE9C3235260FBA3800C36B4F /* Preview Assets.xcassets */,
			);
			path = "Preview Content";
			sourceTree = "<group>";
		};
		CE9C323F260FBA3800C36B4F /* SwiftUIProject1Tests */ = {
			isa = PBXGroup;
			children = (
				CE9C3240260FBA3900C36B4F /* SwiftUIProject1Tests.swift */,
				CE9C3242260FBA3900C36B4F /* Info.plist */,
			);
			path = SwiftUIProject1Tests;
			sourceTree = "<group>";
		};
		CE9C324A260FBA3900C36B4F /* SwiftUIProject1UITests */ = {
			isa = PBXGroup;
			children = (
				CE9C324B260FBA3900C36B4F /* SwiftUIProject1UITests.swift */,
				CE9C324D260FBA3900C36B4F /* Info.plist */,
			);
			path = SwiftUIProject1UITests;
			sourceTree = "<group>";
		};
/* End PBXGroup section */

/* Begin PBXNativeTarget section */
		CE9C322A260FBA3200C36B4F /* SwiftUIProject1 */ = {
			isa = PBXNativeTarget;
			buildConfigurationList = CE9C3250260FBA3900C36B4F /* Build configuration list for PBXNativeTarget "SwiftUIProject1" */;
			buildPhases = (
				CE9C3227260FBA3200C36B4F /* Sources */,
				CE9C3228260FBA3200C36B4F /* Frameworks */,
				CE9C3229260FBA3200C36B4F /* Resources */,
			);
			buildRules = (
			);
			dependencies = (
			);
			name = SwiftUIProject1;
			productName = SwiftUIProject1;
			productReference = CE9C322B260FBA3200C36B4F /* SwiftUIProject1.app */;
			productType = "com.apple.product-type.application";
		};
		CE9C323B260FBA3800C36B4F /* SwiftUIProject1Tests */ = {
			isa = PBXNativeTarget;
			buildConfigurationList = CE9C3253260FBA3900C36B4F /* Build configuration list for PBXNativeTarget "SwiftUIProject1Tests" */;
			buildPhases = (
				CE9C3238260FBA3800C36B4F /* Sources */,
				CE9C3239260FBA3800C36B4F /* Frameworks */,
				CE9C323A260FBA3800C36B4F /* Resources */,
			);
			buildRules = (
			);
			dependencies = (
				CE9C323E260FBA3800C36B4F /* PBXTargetDependency */,
			);
			name = SwiftUIProject1Tests;
			productName = SwiftUIProject1Tests;
			productReference = CE9C323C260FBA3800C36B4F /* SwiftUIProject1Tests.xctest */;
			productType = "com.apple.product-type.bundle.unit-test";
		};
		CE9C3246260FBA3900C36B4F /* SwiftUIProject1UITests */ = {
			isa = PBXNativeTarget;
			buildConfigurationList = CE9C3256260FBA3900C36B4F /* Build configuration list for PBXNativeTarget "SwiftUIProject1UITests" */;
			buildPhases = (
				CE9C3243260FBA3900C36B4F /* Sources */,
				CE9C3244260FBA3900C36B4F /* Frameworks */,
				CE9C3245260FBA3900C36B4F /* Resources */,
			);
			buildRules = (
			);
			dependencies = (
				CE9C3249260FBA3900C36B4F /* PBXTargetDependency */,
			);
			name = SwiftUIProject1UITests;
			productName = SwiftUIProject1UITests;
			productReference = CE9C3247260FBA3900C36B4F /* SwiftUIProject1UITests.xctest */;
			productType = "com.apple.product-type.bundle.ui-testing";
		};
/* End PBXNativeTarget section */

/* Begin PBXProject section */
		CE9C3223260FBA3200C36B4F /* Project object */ = {
			isa = PBXProject;
			attributes = {
				LastSwiftUpdateCheck = 1230;
				LastUpgradeCheck = 1230;
				TargetAttributes = {
					CE9C322A260FBA3200C36B4F = {
						CreatedOnToolsVersion = 12.3;
					};
					CE9C323B260FBA3800C36B4F = {
						CreatedOnToolsVersion = 12.3;
						TestTargetID = CE9C322A260FBA3200C36B4F;
					};
					CE9C3246260FBA3900C36B4F = {
						CreatedOnToolsVersion = 12.3;
						TestTargetID = CE9C322A260FBA3200C36B4F;
					};
				};
			};
			buildConfigurationList = CE9C3226260FBA3200C36B4F /* Build configuration list for PBXProject "SwiftUIProject1" */;
			compatibilityVersion = "Xcode 9.3";
			developmentRegion = en;
			hasScannedForEncodings = 0;
			knownRegions = (
				en,
				Base,
			);
			mainGroup = CE9C3222260FBA3200C36B4F;
			productRefGroup = CE9C322C260FBA3200C36B4F /* Products */;
			projectDirPath = "";
			projectRoot = "";
			targets = (
				CE9C322A260FBA3200C36B4F /* SwiftUIProject1 */,
				CE9C323B260FBA3800C36B4F /* SwiftUIProject1Tests */,
				CE9C3246260FBA3900C36B4F /* SwiftUIProject1UITests */,
			);
		};
/* End PBXProject section */

/* Begin PBXResourcesBuildPhase section */
		CE9C3229260FBA3200C36B4F /* Resources */ = {
			isa = PBXResourcesBuildPhase;
			buildActionMask = 2147483647;
			files = (
				CE9C3236260FBA3800C36B4F /* Preview Assets.xcassets in Resources */,
				CE9C3233260FBA3800C36B4F /* Assets.xcassets in Resources */,
			);
			runOnlyForDeploymentPostprocessing = 0;
		};
		CE9C323A260FBA3800C36B4F /* Resources */ = {
			isa = PBXResourcesBuildPhase;
			buildActionMask = 2147483647;
			files = (
			);
			runOnlyForDeploymentPostprocessing = 0;
		};
		CE9C3245260FBA3900C36B4F /* Resources */ = {
			isa = PBXResourcesBuildPhase;
			buildActionMask = 2147483647;
			files = (
			);
			runOnlyForDeploymentPostprocessing = 0;
		};
/* End PBXResourcesBuildPhase section */

/* Begin PBXSourcesBuildPhase section */
		CE9C3227260FBA3200C36B4F /* Sources */ = {
			isa = PBXSourcesBuildPhase;
			buildActionMask = 2147483647;
			files = (
				CE9C3231260FBA3200C36B4F /* ContentView.swift in Sources */,
				CE9C322F260FBA3200C36B4F /* SwiftUIProject1App.swift in Sources */,
			);
			runOnlyForDeploymentPostprocessing = 0;
		};
		CE9C3238260FBA3800C36B4F /* Sources */ = {
			isa = PBXSourcesBuildPhase;
			buildActionMask = 2147483647;
			files = (
				CE9C3241260FBA3900C36B4F /* SwiftUIProject1Tests.swift in Sources */,
			);
			runOnlyForDeploymentPostprocessing = 0;
		};
		CE9C3243260FBA3900C36B4F /* Sources */ = {
			isa = PBXSourcesBuildPhase;
			buildActionMask = 2147483647;
			files = (
				CE9C324C260FBA3900C36B4F /* SwiftUIProject1UITests.swift in Sources */,
			);
			runOnlyForDeploymentPostprocessing = 0;
		};
/* End PBXSourcesBuildPhase section */

/* Begin PBXTargetDependency section */
		CE9C323E260FBA3800C36B4F /* PBXTargetDependency */ = {
			isa = PBXTargetDependency;
			target = CE9C322A260FBA3200C36B4F /* SwiftUIProject1 */;
			targetProxy = CE9C323D260FBA3800C36B4F /* PBXContainerItemProxy */;
		};
		CE9C3249260FBA3900C36B4F /* PBXTargetDependency */ = {
			isa = PBXTargetDependency;
			target = CE9C322A260FBA3200C36B4F /* SwiftUIProject1 */;
			targetProxy = CE9C3248260FBA3900C36B4F /* PBXContainerItemProxy */;
		};
/* End PBXTargetDependency section */

/* Begin XCBuildConfiguration section */
		CE9C324E260FBA3900C36B4F /* Debug */ = {
			isa = XCBuildConfiguration;
			buildSettings = {
				ALWAYS_SEARCH_USER_PATHS = NO;
				CLANG_ANALYZER_NONNULL = YES;
				CLANG_ANALYZER_NUMBER_OBJECT_CONVERSION = YES_AGGRESSIVE;
				CLANG_CXX_LANGUAGE_STANDARD = "gnu++14";
				CLANG_CXX_LIBRARY = "libc++";
				CLANG_ENABLE_MODULES = YES;
				CLANG_ENABLE_OBJC_ARC = YES;
				CLANG_ENABLE_OBJC_WEAK = YES;
				CLANG_WARN_BLOCK_CAPTURE_AUTORELEASING = YES;
				CLANG_WARN_BOOL_CONVERSION = YES;
				CLANG_WARN_COMMA = YES;
				CLANG_WARN_CONSTANT_CONVERSION = YES;
				CLANG_WARN_DEPRECATED_OBJC_IMPLEMENTATIONS = YES;
				CLANG_WARN_DIRECT_OBJC_ISA_USAGE = YES_ERROR;
				CLANG_WARN_DOCUMENTATION_COMMENTS = YES;
				CLANG_WARN_EMPTY_BODY = YES;
				CLANG_WARN_ENUM_CONVERSION = YES;
				CLANG_WARN_INFINITE_RECURSION = YES;
				CLANG_WARN_INT_CONVERSION = YES;
				CLANG_WARN_NON_LITERAL_NULL_CONVERSION = YES;
				CLANG_WARN_OBJC_IMPLICIT_RETAIN_SELF = YES;
				CLANG_WARN_OBJC_LITERAL_CONVERSION = YES;
				CLANG_WARN_OBJC_ROOT_CLASS = YES_ERROR;
				CLANG_WARN_QUOTED_INCLUDE_IN_FRAMEWORK_HEADER = YES;
				CLANG_WARN_RANGE_LOOP_ANALYSIS = YES;
				CLANG_WARN_STRICT_PROTOTYPES = YES;
				CLANG_WARN_SUSPICIOUS_MOVE = YES;
				CLANG_WARN_UNGUARDED_AVAILABILITY = YES_AGGRESSIVE;
				CLANG_WARN_UNREACHABLE_CODE = YES;
				CLANG_WARN__DUPLICATE_METHOD_MATCH = YES;
				COPY_PHASE_STRIP = NO;
				DEBUG_INFORMATION_FORMAT = dwarf;
				ENABLE_STRICT_OBJC_MSGSEND = YES;
				ENABLE_TESTABILITY = YES;
				GCC_C_LANGUAGE_STANDARD = gnu11;
				GCC_DYNAMIC_NO_PIC = NO;
				GCC_NO_COMMON_BLOCKS = YES;
				GCC_OPTIMIZATION_LEVEL = 0;
				GCC_PREPROCESSOR_DEFINITIONS = (
					"DEBUG=1",
					"$(inherited)",
				);
				GCC_WARN_64_TO_32_BIT_CONVERSION = YES;
				GCC_WARN_ABOUT_RETURN_TYPE = YES_ERROR;
				GCC_WARN_UNDECLARED_SELECTOR = YES;
				GCC_WARN_UNINITIALIZED_AUTOS = YES_AGGRESSIVE;
				GCC_WARN_UNUSED_FUNCTION = YES;
				GCC_WARN_UNUSED_VARIABLE = YES;
				IPHONEOS_DEPLOYMENT_TARGET = 14.3;
				MTL_ENABLE_DEBUG_INFO = INCLUDE_SOURCE;
				MTL_FAST_MATH = YES;
				ONLY_ACTIVE_ARCH = YES;
				SDKROOT = iphoneos;
				SWIFT_ACTIVE_COMPILATION_CONDITIONS = DEBUG;
				SWIFT_OPTIMIZATION_LEVEL = "-Onone";
			};
			name = Debug;
		};
		CE9C324F260FBA3900C36B4F /* Release */ = {
			isa = XCBuildConfiguration;
			buildSettings = {
				ALWAYS_SEARCH_USER_PATHS = NO;
				CLANG_ANALYZER_NONNULL = YES;
				CLANG_ANALYZER_NUMBER_OBJECT_CONVERSION = YES_AGGRESSIVE;
				CLANG_CXX_LANGUAGE_STANDARD = "gnu++14";
				CLANG_CXX_LIBRARY = "libc++";
				CLANG_ENABLE_MODULES = YES;
				CLANG_ENABLE_OBJC_ARC = YES;
				CLANG_ENABLE_OBJC_WEAK = YES;
				CLANG_WARN_BLOCK_CAPTURE_AUTORELEASING = YES;
				CLANG_WARN_BOOL_CONVERSION = YES;
				CLANG_WARN_COMMA = YES;
				CLANG_WARN_CONSTANT_CONVERSION = YES;
				CLANG_WARN_DEPRECATED_OBJC_IMPLEMENTATIONS = YES;
				CLANG_WARN_DIRECT_OBJC_ISA_USAGE = YES_ERROR;
				CLANG_WARN_DOCUMENTATION_COMMENTS = YES;
				CLANG_WARN_EMPTY_BODY = YES;
				CLANG_WARN_ENUM_CONVERSION = YES;
				CLANG_WARN_INFINITE_RECURSION = YES;
				CLANG_WARN_INT_CONVERSION = YES;
				CLANG_WARN_NON_LITERAL_NULL_CONVERSION = YES;
				CLANG_WARN_OBJC_IMPLICIT_RETAIN_SELF = YES;
				CLANG_WARN_OBJC_LITERAL_CONVERSION = YES;
				CLANG_WARN_OBJC_ROOT_CLASS = YES_ERROR;
				CLANG_WARN_QUOTED_INCLUDE_IN_FRAMEWORK_HEADER = YES;
				CLANG_WARN_RANGE_LOOP_ANALYSIS = YES;
				CLANG_WARN_STRICT_PROTOTYPES = YES;
				CLANG_WARN_SUSPICIOUS_MOVE = YES;
				CLANG_WARN_UNGUARDED_AVAILABILITY = YES_AGGRESSIVE;
				CLANG_WARN_UNREACHABLE_CODE = YES;
				CLANG_WARN__DUPLICATE_METHOD_MATCH = YES;
				COPY_PHASE_STRIP = NO;
				DEBUG_INFORMATION_FORMAT = "dwarf-with-dsym";
				ENABLE_NS_ASSERTIONS = NO;
				ENABLE_STRICT_OBJC_MSGSEND = YES;
				GCC_C_LANGUAGE_STANDARD = gnu11;
				GCC_NO_COMMON_BLOCKS = YES;
				GCC_WARN_64_TO_32_BIT_CONVERSION = YES;
				GCC_WARN_ABOUT_RETURN_TYPE = YES_ERROR;
				GCC_WARN_UNDECLARED_SELECTOR = YES;
				GCC_WARN_UNINITIALIZED_AUTOS = YES_AGGRESSIVE;
				GCC_WARN_UNUSED_FUNCTION = YES;
				GCC_WARN_UNUSED_VARIABLE = YES;
				IPHONEOS_DEPLOYMENT_TARGET = 14.3;
				MTL_ENABLE_DEBUG_INFO = NO;
				MTL_FAST_MATH = YES;
				SDKROOT = iphoneos;
				SWIFT_COMPILATION_MODE = wholemodule;
				SWIFT_OPTIMIZATION_LEVEL = "-O";
				VALIDATE_PRODUCT = YES;
			};
			name = Release;
		};
		CE9C3251260FBA3900C36B4F /* Debug */ = {
			isa = XCBuildConfiguration;
			buildSettings = {
				ASSETCATALOG_COMPILER_APPICON_NAME = AppIcon;
				ASSETCATALOG_COMPILER_GLOBAL_ACCENT_COLOR_NAME = AccentColor;
				CODE_SIGN_STYLE = Automatic;
				DEVELOPMENT_ASSET_PATHS = "\"SwiftUIProject1/Preview Content\"";
				DEVELOPMENT_TEAM = DHX5B47C7H;
				ENABLE_PREVIEWS = YES;
				INFOPLIST_FILE = SwiftUIProject1/Info.plist;
				IPHONEOS_DEPLOYMENT_TARGET = 14.0;
				LD_RUNPATH_SEARCH_PATHS = (
					"$(inherited)",
					"@executable_path/Frameworks",
				);
				PRODUCT_BUNDLE_IDENTIFIER = com.ACClass.SwiftUIProject1;
				PRODUCT_NAME = "$(TARGET_NAME)";
				SWIFT_VERSION = 5.0;
				TARGETED_DEVICE_FAMILY = "1,2";
			};
			name = Debug;
		};
		CE9C3252260FBA3900C36B4F /* Release */ = {
			isa = XCBuildConfiguration;
			buildSettings = {
				ASSETCATALOG_COMPILER_APPICON_NAME = AppIcon;
				ASSETCATALOG_COMPILER_GLOBAL_ACCENT_COLOR_NAME = AccentColor;
				CODE_SIGN_STYLE = Automatic;
				DEVELOPMENT_ASSET_PATHS = "\"SwiftUIProject1/Preview Content\"";
				DEVELOPMENT_TEAM = DHX5B47C7H;
				ENABLE_PREVIEWS = YES;
				INFOPLIST_FILE = SwiftUIProject1/Info.plist;
				IPHONEOS_DEPLOYMENT_TARGET = 14.0;
				LD_RUNPATH_SEARCH_PATHS = (
					"$(inherited)",
					"@executable_path/Frameworks",
				);
				PRODUCT_BUNDLE_IDENTIFIER = com.ACClass.SwiftUIProject1;
				PRODUCT_NAME = "$(TARGET_NAME)";
				SWIFT_VERSION = 5.0;
				TARGETED_DEVICE_FAMILY = "1,2";
			};
			name = Release;
		};
		CE9C3254260FBA3900C36B4F /* Debug */ = {
			isa = XCBuildConfiguration;
			buildSettings = {
				ALWAYS_EMBED_SWIFT_STANDARD_LIBRARIES = YES;
				BUNDLE_LOADER = "$(TEST_HOST)";
				CODE_SIGN_STYLE = Automatic;
				DEVELOPMENT_TEAM = DHX5B47C7H;
				INFOPLIST_FILE = SwiftUIProject1Tests/Info.plist;
				IPHONEOS_DEPLOYMENT_TARGET = 14.0;
				LD_RUNPATH_SEARCH_PATHS = (
					"$(inherited)",
					"@executable_path/Frameworks",
					"@loader_path/Frameworks",
				);
				PRODUCT_BUNDLE_IDENTIFIER = com.ACClass.SwiftUIProject1Tests;
				PRODUCT_NAME = "$(TARGET_NAME)";
				SWIFT_VERSION = 5.0;
				TARGETED_DEVICE_FAMILY = "1,2";
				TEST_HOST = "$(BUILT_PRODUCTS_DIR)/SwiftUIProject1.app/SwiftUIProject1";
			};
			name = Debug;
		};
		CE9C3255260FBA3900C36B4F /* Release */ = {
			isa = XCBuildConfiguration;
			buildSettings = {
				ALWAYS_EMBED_SWIFT_STANDARD_LIBRARIES = YES;
				BUNDLE_LOADER = "$(TEST_HOST)";
				CODE_SIGN_STYLE = Automatic;
				DEVELOPMENT_TEAM = DHX5B47C7H;
				INFOPLIST_FILE = SwiftUIProject1Tests/Info.plist;
				IPHONEOS_DEPLOYMENT_TARGET = 14.0;
				LD_RUNPATH_SEARCH_PATHS = (
					"$(inherited)",
					"@executable_path/Frameworks",
					"@loader_path/Frameworks",
				);
				PRODUCT_BUNDLE_IDENTIFIER = com.ACClass.SwiftUIProject1Tests;
				PRODUCT_NAME = "$(TARGET_NAME)";
				SWIFT_VERSION = 5.0;
				TARGETED_DEVICE_FAMILY = "1,2";
				TEST_HOST = "$(BUILT_PRODUCTS_DIR)/SwiftUIProject1.app/SwiftUIProject1";
			};
			name = Release;
		};
		CE9C3257260FBA3900C36B4F /* Debug */ = {
			isa = XCBuildConfiguration;
			buildSettings = {
				ALWAYS_EMBED_SWIFT_STANDARD_LIBRARIES = YES;
				CODE_SIGN_STYLE = Automatic;
				DEVELOPMENT_TEAM = DHX5B47C7H;
				INFOPLIST_FILE = SwiftUIProject1UITests/Info.plist;
				LD_RUNPATH_SEARCH_PATHS = (
					"$(inherited)",
					"@executable_path/Frameworks",
					"@loader_path/Frameworks",
				);
				PRODUCT_BUNDLE_IDENTIFIER = com.ACClass.SwiftUIProject1UITests;
				PRODUCT_NAME = "$(TARGET_NAME)";
				SWIFT_VERSION = 5.0;
				TARGETED_DEVICE_FAMILY = "1,2";
				TEST_TARGET_NAME = SwiftUIProject1;
			};
			name = Debug;
		};
		CE9C3258260FBA3900C36B4F /* Release */ = {
			isa = XCBuildConfiguration;
			buildSettings = {
				ALWAYS_EMBED_SWIFT_STANDARD_LIBRARIES = YES;
				CODE_SIGN_STYLE = Automatic;
				DEVELOPMENT_TEAM = DHX5B47C7H;
				INFOPLIST_FILE = SwiftUIProject1UITests/Info.plist;
				LD_RUNPATH_SEARCH_PATHS = (
					"$(inherited)",
					"@executable_path/Frameworks",
					"@loader_path/Frameworks",
				);
				PRODUCT_BUNDLE_IDENTIFIER = com.ACClass.SwiftUIProject1UITests;
				PRODUCT_NAME = "$(TARGET_NAME)";
				SWIFT_VERSION = 5.0;
				TARGETED_DEVICE_FAMILY = "1,2";
				TEST_TARGET_NAME = SwiftUIProject1;
			};
			name = Release;
		};
/* End XCBuildConfiguration section */

/* Begin XCConfigurationList section */
		CE9C3226260FBA3200C36B4F /* Build configuration list for PBXProject "SwiftUIProject1" */ = {
			isa = XCConfigurationList;
			buildConfigurations = (
				CE9C324E260FBA3900C36B4F /* Debug */,
				CE9C324F260FBA3900C36B4F /* Release */,
			);
			defaultConfigurationIsVisible = 0;
			defaultConfigurationName = Release;
		};
		CE9C3250260FBA3900C36B4F /* Build configuration list for PBXNativeTarget "SwiftUIProject1" */ = {
			isa = XCConfigurationList;
			buildConfigurations = (
				CE9C3251260FBA3900C36B4F /* Debug */,
				CE9C3252260FBA3900C36B4F /* Release */,
			);
			defaultConfigurationIsVisible = 0;
			defaultConfigurationName = Release;
		};
		CE9C3253260FBA3900C36B4F /* Build configuration list for PBXNativeTarget "SwiftUIProject1Tests" */ = {
			isa = XCConfigurationList;
			buildConfigurations = (
				CE9C3254260FBA3900C36B4F /* Debug */,
				CE9C3255260FBA3900C36B4F /* Release */,
			);
			defaultConfigurationIsVisible = 0;
			defaultConfigurationName = Release;
		};
		CE9C3256260FBA3900C36B4F /* Build configuration list for PBXNativeTarget "SwiftUIProject1UITests" */ = {
			isa = XCConfigurationList;
			buildConfigurations = (
				CE9C3257260FBA3900C36B4F /* Debug */,
				CE9C3258260FBA3900C36B4F /* Release */,
			);
			defaultConfigurationIsVisible = 0;
			defaultConfigurationName = Release;
		};
/* End XCConfigurationList section */
	};
	rootObject = CE9C3223260FBA3200C36B4F /* Project object */;
}
